{
  "name": "dtvendor",
  "version": "1.0.0",
  "lockfileVersion": 2,
  "requires": true,
  "packages": {
    "": {
      "name": "dtvendor",
      "dependencies": {
        "@types/react": "^18.0.26",
        "@types/react-dom": "^18.0.10",
        "buffer": "^6.0.3",
        "esbuild": "^0.16.10",
        "lodash": "^4.17.21",
        "prettier": "^2.8.1",
        "react": "^18.2.0",
        "react-dom": "^18.2.0",
        "swr": "^2.0.0"
      },
      "devDependencies": {
        "@tsconfig/strictest": "^1.0.2",
        "@types/lodash": "^4.14.191"
      }
    },
    "node_modules/@esbuild/android-arm": {
      "version": "0.16.10",
      "resolved": "https://registry.npmjs.org/@esbuild/android-arm/-/android-arm-0.16.10.tgz",
      "integrity": "sha512-RmJjQTRrO6VwUWDrzTBLmV4OJZTarYsiepLGlF2rYTVB701hSorPywPGvP6d8HCuuRibyXa5JX4s3jN2kHEtjQ==",
      "cpu": [
        "arm"
      ],
      "optional": true,
      "os": [
        "android"
      ],
      "engines": {
        "node": ">=12"
      }
    },
    "node_modules/@esbuild/android-arm64": {
      "version": "0.16.10",
      "resolved": "https://registry.npmjs.org/@esbuild/android-arm64/-/android-arm64-0.16.10.tgz",
      "integrity": "sha512-47Y+NwVKTldTlDhSgJHZ/RpvBQMUDG7eKihqaF/u6g7s0ZPz4J1vy8A3rwnnUOF2CuDn7w7Gj/QcMoWz3U3SJw==",
      "cpu": [
        "arm64"
      ],
      "optional": true,
      "os": [
        "android"
      ],
      "engines": {
        "node": ">=12"
      }
    },
    "node_modules/@esbuild/android-x64": {
      "version": "0.16.10",
      "resolved": "https://registry.npmjs.org/@esbuild/android-x64/-/android-x64-0.16.10.tgz",
      "integrity": "sha512-C4PfnrBMcuAcOurQzpF1tTtZz94IXO5JmICJJ3NFJRHbXXsQUg9RFG45KvydKqtFfBaFLCHpduUkUfXwIvGnRg==",
      "cpu": [
        "x64"
      ],
      "optional": true,
      "os": [
        "android"
      ],
      "engines": {
        "node": ">=12"
      }
    },
    "node_modules/@esbuild/darwin-arm64": {
      "version": "0.16.10",
      "resolved": "https://registry.npmjs.org/@esbuild/darwin-arm64/-/darwin-arm64-0.16.10.tgz",
      "integrity": "sha512-bH/bpFwldyOKdi9HSLCLhhKeVgRYr9KblchwXgY2NeUHBB/BzTUHtUSBgGBmpydB1/4E37m+ggXXfSrnD7/E7g==",
      "cpu": [
        "arm64"
      ],
      "optional": true,
      "os": [
        "darwin"
      ],
      "engines": {
        "node": ">=12"
      }
    },
    "node_modules/@esbuild/darwin-x64": {
      "version": "0.16.10",
      "resolved": "https://registry.npmjs.org/@esbuild/darwin-x64/-/darwin-x64-0.16.10.tgz",
      "integrity": "sha512-OXt7ijoLuy+AjDSKQWu+KdDFMBbdeaL6wtgMKtDUXKWHiAMKHan5+R1QAG6HD4+K0nnOvEJXKHeA9QhXNAjOTQ==",
      "cpu": [
        "x64"
      ],
      "optional": true,
      "os": [
        "darwin"
      ],
      "engines": {
        "node": ">=12"
      }
    },
    "node_modules/@esbuild/freebsd-arm64": {
      "version": "0.16.10",
      "resolved": "https://registry.npmjs.org/@esbuild/freebsd-arm64/-/freebsd-arm64-0.16.10.tgz",
      "integrity": "sha512-shSQX/3GHuspE3Uxtq5kcFG/zqC+VuMnJkqV7LczO41cIe6CQaXHD3QdMLA4ziRq/m0vZo7JdterlgbmgNIAlQ==",
      "cpu": [
        "arm64"
      ],
      "optional": true,
      "os": [
        "freebsd"
      ],
      "engines": {
        "node": ">=12"
      }
    },
    "node_modules/@esbuild/freebsd-x64": {
      "version": "0.16.10",
      "resolved": "https://registry.npmjs.org/@esbuild/freebsd-x64/-/freebsd-x64-0.16.10.tgz",
      "integrity": "sha512-5YVc1zdeaJGASijZmTzSO4h6uKzsQGG3pkjI6fuXvolhm3hVRhZwnHJkforaZLmzvNv5Tb7a3QL2FAVmrgySIA==",
      "cpu": [
        "x64"
      ],
      "optional": true,
      "os": [
        "freebsd"
      ],
      "engines": {
        "node": ">=12"
      }
    },
    "node_modules/@esbuild/linux-arm": {
      "version": "0.16.10",
      "resolved": "https://registry.npmjs.org/@esbuild/linux-arm/-/linux-arm-0.16.10.tgz",
      "integrity": "sha512-c360287ZWI2miBnvIj23bPyVctgzeMT2kQKR+x94pVqIN44h3GF8VMEs1SFPH1UgyDr3yBbx3vowDS1SVhyVhA==",
      "cpu": [
        "arm"
      ],
      "optional": true,
      "os": [
        "linux"
      ],
      "engines": {
        "node": ">=12"
      }
    },
    "node_modules/@esbuild/linux-arm64": {
      "version": "0.16.10",
      "resolved": "https://registry.npmjs.org/@esbuild/linux-arm64/-/linux-arm64-0.16.10.tgz",
      "integrity": "sha512-2aqeNVxIaRfPcIaMZIFoblLh588sWyCbmj1HHCCs9WmeNWm+EIN0SmvsmPvTa/TsNZFKnxTcvkX2eszTcCqIrA==",
      "cpu": [
        "arm64"
      ],
      "optional": true,
      "os": [
        "linux"
      ],
      "engines": {
        "node": ">=12"
      }
    },
    "node_modules/@esbuild/linux-ia32": {
      "version": "0.16.10",
      "resolved": "https://registry.npmjs.org/@esbuild/linux-ia32/-/linux-ia32-0.16.10.tgz",
      "integrity": "sha512-sqMIEWeyrLGU7J5RB5fTkLRIFwsgsQ7ieWXlDLEmC2HblPYGb3AucD7inw2OrKFpRPKsec1l+lssiM3+NV5aOw==",
      "cpu": [
        "ia32"
      ],
      "optional": true,
      "os": [
        "linux"
      ],
      "engines": {
        "node": ">=12"
      }
    },
    "node_modules/@esbuild/linux-loong64": {
      "version": "0.16.10",
      "resolved": "https://registry.npmjs.org/@esbuild/linux-loong64/-/linux-loong64-0.16.10.tgz",
      "integrity": "sha512-O7Pd5hLEtTg37NC73pfhUOGTjx/+aXu5YoSq3ahCxcN7Bcr2F47mv+kG5t840thnsEzrv0oB70+LJu3gUgchvg==",
      "cpu": [
        "loong64"
      ],
      "optional": true,
      "os": [
        "linux"
      ],
      "engines": {
        "node": ">=12"
      }
    },
    "node_modules/@esbuild/linux-mips64el": {
      "version": "0.16.10",
      "resolved": "https://registry.npmjs.org/@esbuild/linux-mips64el/-/linux-mips64el-0.16.10.tgz",
      "integrity": "sha512-FN8mZOH7531iPHM0kaFhAOqqNHoAb6r/YHW2ZIxNi0a85UBi2DO4Vuyn7t1p4UN8a4LoAnLOT1PqNgHkgBJgbA==",
      "cpu": [
        "mips64el"
      ],
      "optional": true,
      "os": [
        "linux"
      ],
      "engines": {
        "node": ">=12"
      }
    },
    "node_modules/@esbuild/linux-ppc64": {
      "version": "0.16.10",
      "resolved": "https://registry.npmjs.org/@esbuild/linux-ppc64/-/linux-ppc64-0.16.10.tgz",
      "integrity": "sha512-Dg9RiqdvHOAWnOKIOTsIx8dFX9EDlY2IbPEY7YFzchrCiTZmMkD7jWA9UdZbNUygPjdmQBVPRCrLydReFlX9yg==",
      "cpu": [
        "ppc64"
      ],
      "optional": true,
      "os": [
        "linux"
      ],
      "engines": {
        "node": ">=12"
      }
    },
    "node_modules/@esbuild/linux-riscv64": {
      "version": "0.16.10",
      "resolved": "https://registry.npmjs.org/@esbuild/linux-riscv64/-/linux-riscv64-0.16.10.tgz",
      "integrity": "sha512-XMqtpjwzbmlar0BJIxmzu/RZ7EWlfVfH68Vadrva0Wj5UKOdKvqskuev2jY2oPV3aoQUyXwnMbMrFmloO2GfAw==",
      "cpu": [
        "riscv64"
      ],
      "optional": true,
      "os": [
        "linux"
      ],
      "engines": {
        "node": ">=12"
      }
    },
    "node_modules/@esbuild/linux-s390x": {
      "version": "0.16.10",
      "resolved": "https://registry.npmjs.org/@esbuild/linux-s390x/-/linux-s390x-0.16.10.tgz",
      "integrity": "sha512-fu7XtnoeRNFMx8DjK3gPWpFBDM2u5ba+FYwg27SjMJwKvJr4bDyKz5c+FLXLUSSAkMAt/UL+cUbEbra+rYtUgw==",
      "cpu": [
        "s390x"
      ],
      "optional": true,
      "os": [
        "linux"
      ],
      "engines": {
        "node": ">=12"
      }
    },
    "node_modules/@esbuild/linux-x64": {
      "version": "0.16.10",
      "resolved": "https://registry.npmjs.org/@esbuild/linux-x64/-/linux-x64-0.16.10.tgz",
      "integrity": "sha512-61lcjVC/RldNNMUzQQdyCWjCxp9YLEQgIxErxU9XluX7juBdGKb0pvddS0vPNuCvotRbzijZ1pzII+26haWzbA==",
      "cpu": [
        "x64"
      ],
      "optional": true,
      "os": [
        "linux"
      ],
      "engines": {
        "node": ">=12"
      }
    },
    "node_modules/@esbuild/netbsd-x64": {
      "version": "0.16.10",
      "resolved": "https://registry.npmjs.org/@esbuild/netbsd-x64/-/netbsd-x64-0.16.10.tgz",
      "integrity": "sha512-JeZXCX3viSA9j4HqSoygjssdqYdfHd6yCFWyfSekLbz4Ef+D2EjvsN02ZQPwYl5a5gg/ehdHgegHhlfOFP0HCA==",
      "cpu": [
        "x64"
      ],
      "optional": true,
      "os": [
        "netbsd"
      ],
      "engines": {
        "node": ">=12"
      }
    },
    "node_modules/@esbuild/openbsd-x64": {
      "version": "0.16.10",
      "resolved": "https://registry.npmjs.org/@esbuild/openbsd-x64/-/openbsd-x64-0.16.10.tgz",
      "integrity": "sha512-3qpxQKuEVIIg8SebpXsp82OBrqjPV/OwNWmG+TnZDr3VGyChNnGMHccC1xkbxCHDQNnnXjxhMQNyHmdFJbmbRA==",
      "cpu": [
        "x64"
      ],
      "optional": true,
      "os": [
        "openbsd"
      ],
      "engines": {
        "node": ">=12"
      }
    },
    "node_modules/@esbuild/sunos-x64": {
      "version": "0.16.10",
      "resolved": "https://registry.npmjs.org/@esbuild/sunos-x64/-/sunos-x64-0.16.10.tgz",
      "integrity": "sha512-z+q0xZ+et/7etz7WoMyXTHZ1rB8PMSNp/FOqURLJLOPb3GWJ2aj4oCqFCjPwEbW1rsT7JPpxeH/DwGAWk/I1Bg==",
      "cpu": [
        "x64"
      ],
      "optional": true,
      "os": [
        "sunos"
      ],
      "engines": {
        "node": ">=12"
      }
    },
    "node_modules/@esbuild/win32-arm64": {
      "version": "0.16.10",
      "resolved": "https://registry.npmjs.org/@esbuild/win32-arm64/-/win32-arm64-0.16.10.tgz",
      "integrity": "sha512-+YYu5sbQ9npkNT9Dec+tn1F/kjg6SMgr6bfi/6FpXYZvCRfu2YFPZGb+3x8K30s8eRxFpoG4sGhiSUkr1xbHEw==",
      "cpu": [
        "arm64"
      ],
      "optional": true,
      "os": [
        "win32"
      ],
      "engines": {
        "node": ">=12"
      }
    },
    "node_modules/@esbuild/win32-ia32": {
      "version": "0.16.10",
      "resolved": "https://registry.npmjs.org/@esbuild/win32-ia32/-/win32-ia32-0.16.10.tgz",
      "integrity": "sha512-Aw7Fupk7XNehR1ftHGYwUteyJ2q+em/aE+fVU3YMTBN2V5A7Z4aVCSV+SvCp9HIIHZavPFBpbdP3VfjQpdf6Xg==",
      "cpu": [
        "ia32"
      ],
      "optional": true,
      "os": [
        "win32"
      ],
      "engines": {
        "node": ">=12"
      }
    },
    "node_modules/@esbuild/win32-x64": {
      "version": "0.16.10",
      "resolved": "https://registry.npmjs.org/@esbuild/win32-x64/-/win32-x64-0.16.10.tgz",
      "integrity": "sha512-qddWullt3sC1EIpfHvCRBq3H4g3L86DZpD6n8k2XFjFVyp01D++uNbN1hT/JRsHxTbyyemZcpwL5aRlJwc/zFw==",
      "cpu": [
        "x64"
      ],
      "optional": true,
      "os": [
        "win32"
      ],
      "engines": {
        "node": ">=12"
      }
    },
    "node_modules/@tsconfig/strictest": {
      "version": "1.0.2",
      "resolved": "https://registry.npmjs.org/@tsconfig/strictest/-/strictest-1.0.2.tgz",
      "integrity": "sha512-IRKlC8cnP7zMz1SDBjyIVyPapkEGWLZ6wkF6Z8T+xU80P9sO5uGXlIUvtzjx+7ehPJRWxkB6CeIDwUfyqNtYkQ==",
      "dev": true
    },
    "node_modules/@types/lodash": {
      "version": "4.14.191",
      "resolved": "https://registry.npmjs.org/@types/lodash/-/lodash-4.14.191.tgz",
      "integrity": "sha512-BdZ5BCCvho3EIXw6wUCXHe7rS53AIDPLE+JzwgT+OsJk53oBfbSmZZ7CX4VaRoN78N+TJpFi9QPlfIVNmJYWxQ==",
      "dev": true
    },
    "node_modules/@types/prop-types": {
      "version": "15.7.5",
      "resolved": "https://registry.npmjs.org/@types/prop-types/-/prop-types-15.7.5.tgz",
      "integrity": "sha512-JCB8C6SnDoQf0cNycqd/35A7MjcnK+ZTqE7judS6o7utxUCg6imJg3QK2qzHKszlTjcj2cn+NwMB2i96ubpj7w=="
    },
    "node_modules/@types/react": {
      "version": "18.0.26",
      "resolved": "https://registry.npmjs.org/@types/react/-/react-18.0.26.tgz",
      "integrity": "sha512-hCR3PJQsAIXyxhTNSiDFY//LhnMZWpNNr5etoCqx/iUfGc5gXWtQR2Phl908jVR6uPXacojQWTg4qRpkxTuGug==",
      "dependencies": {
        "@types/prop-types": "*",
        "@types/scheduler": "*",
        "csstype": "^3.0.2"
      }
    },
    "node_modules/@types/react-dom": {
      "version": "18.0.10",
      "resolved": "https://registry.npmjs.org/@types/react-dom/-/react-dom-18.0.10.tgz",
      "integrity": "sha512-E42GW/JA4Qv15wQdqJq8DL4JhNpB3prJgjgapN3qJT9K2zO5IIAQh4VXvCEDupoqAwnz0cY4RlXeC/ajX5SFHg==",
      "dependencies": {
        "@types/react": "*"
      }
    },
    "node_modules/@types/scheduler": {
      "version": "0.16.2",
      "resolved": "https://registry.npmjs.org/@types/scheduler/-/scheduler-0.16.2.tgz",
      "integrity": "sha512-hppQEBDmlwhFAXKJX2KnWLYu5yMfi91yazPb2l+lbJiwW+wdo1gNeRA+3RgNSO39WYX2euey41KEwnqesU2Jew=="
    },
    "node_modules/base64-js": {
      "version": "1.5.1",
      "resolved": "https://registry.npmjs.org/base64-js/-/base64-js-1.5.1.tgz",
      "integrity": "sha512-AKpaYlHn8t4SVbOHCy+b5+KKgvR4vrsD8vbvrbiQJps7fKDTkjkDry6ji0rUJjC0kzbNePLwzxq8iypo41qeWA==",
      "funding": [
        {
          "type": "github",
          "url": "https://github.com/sponsors/feross"
        },
        {
          "type": "patreon",
          "url": "https://www.patreon.com/feross"
        },
        {
          "type": "consulting",
          "url": "https://feross.org/support"
        }
      ]
    },
    "node_modules/buffer": {
      "version": "6.0.3",
      "resolved": "https://registry.npmjs.org/buffer/-/buffer-6.0.3.tgz",
      "integrity": "sha512-FTiCpNxtwiZZHEZbcbTIcZjERVICn9yq/pDFkTl95/AxzD1naBctN7YO68riM/gLSDY7sdrMby8hofADYuuqOA==",
      "funding": [
        {
          "type": "github",
          "url": "https://github.com/sponsors/feross"
        },
        {
          "type": "patreon",
          "url": "https://www.patreon.com/feross"
        },
        {
          "type": "consulting",
          "url": "https://feross.org/support"
        }
      ],
      "dependencies": {
        "base64-js": "^1.3.1",
        "ieee754": "^1.2.1"
      }
    },
    "node_modules/csstype": {
      "version": "3.1.1",
      "resolved": "https://registry.npmjs.org/csstype/-/csstype-3.1.1.tgz",
      "integrity": "sha512-DJR/VvkAvSZW9bTouZue2sSxDwdTN92uHjqeKVm+0dAqdfNykRzQ95tay8aXMBAAPpUiq4Qcug2L7neoRh2Egw=="
    },
    "node_modules/esbuild": {
      "version": "0.16.10",
      "resolved": "https://registry.npmjs.org/esbuild/-/esbuild-0.16.10.tgz",
      "integrity": "sha512-z5dIViHoVnw2l+NCJ3zj5behdXjYvXne9gL18OOivCadXDUhyDkeSvEtLcGVAJW2fNmh33TDUpsi704XYlDodw==",
      "hasInstallScript": true,
      "bin": {
        "esbuild": "bin/esbuild"
      },
      "engines": {
        "node": ">=12"
      },
      "optionalDependencies": {
        "@esbuild/android-arm": "0.16.10",
        "@esbuild/android-arm64": "0.16.10",
        "@esbuild/android-x64": "0.16.10",
        "@esbuild/darwin-arm64": "0.16.10",
        "@esbuild/darwin-x64": "0.16.10",
        "@esbuild/freebsd-arm64": "0.16.10",
        "@esbuild/freebsd-x64": "0.16.10",
        "@esbuild/linux-arm": "0.16.10",
        "@esbuild/linux-arm64": "0.16.10",
        "@esbuild/linux-ia32": "0.16.10",
        "@esbuild/linux-loong64": "0.16.10",
        "@esbuild/linux-mips64el": "0.16.10",
        "@esbuild/linux-ppc64": "0.16.10",
        "@esbuild/linux-riscv64": "0.16.10",
        "@esbuild/linux-s390x": "0.16.10",
        "@esbuild/linux-x64": "0.16.10",
        "@esbuild/netbsd-x64": "0.16.10",
        "@esbuild/openbsd-x64": "0.16.10",
        "@esbuild/sunos-x64": "0.16.10",
        "@esbuild/win32-arm64": "0.16.10",
        "@esbuild/win32-ia32": "0.16.10",
        "@esbuild/win32-x64": "0.16.10"
      }
    },
    "node_modules/ieee754": {
      "version": "1.2.1",
      "resolved": "https://registry.npmjs.org/ieee754/-/ieee754-1.2.1.tgz",
      "integrity": "sha512-dcyqhDvX1C46lXZcVqCpK+FtMRQVdIMN6/Df5js2zouUsqG7I6sFxitIC+7KYK29KdXOLHdu9zL4sFnoVQnqaA==",
      "funding": [
        {
          "type": "github",
          "url": "https://github.com/sponsors/feross"
        },
        {
          "type": "patreon",
          "url": "https://www.patreon.com/feross"
        },
        {
          "type": "consulting",
          "url": "https://feross.org/support"
        }
      ]
    },
    "node_modules/js-tokens": {
      "version": "4.0.0",
      "resolved": "https://registry.npmjs.org/js-tokens/-/js-tokens-4.0.0.tgz",
      "integrity": "sha512-RdJUflcE3cUzKiMqQgsCu06FPu9UdIJO0beYbPhHN4k6apgJtifcoCtT9bcxOpYBtpD2kCM6Sbzg4CausW/PKQ=="
    },
    "node_modules/lodash": {
      "version": "4.17.21",
      "resolved": "https://registry.npmjs.org/lodash/-/lodash-4.17.21.tgz",
      "integrity": "sha512-v2kDEe57lecTulaDIuNTPy3Ry4gLGJ6Z1O3vE1krgXZNrsQ+LFTGHVxVjcXPs17LhbZVGedAJv8XZ1tvj5FvSg=="
    },
    "node_modules/loose-envify": {
      "version": "1.4.0",
      "resolved": "https://registry.npmjs.org/loose-envify/-/loose-envify-1.4.0.tgz",
      "integrity": "sha512-lyuxPGr/Wfhrlem2CL/UcnUc1zcqKAImBDzukY7Y5F/yQiNdko6+fRLevlw1HgMySw7f611UIY408EtxRSoK3Q==",
      "dependencies": {
        "js-tokens": "^3.0.0 || ^4.0.0"
      },
      "bin": {
        "loose-envify": "cli.js"
      }
    },
    "node_modules/prettier": {
      "version": "2.8.1",
      "resolved": "https://registry.npmjs.org/prettier/-/prettier-2.8.1.tgz",
      "integrity": "sha512-lqGoSJBQNJidqCHE80vqZJHWHRFoNYsSpP9AjFhlhi9ODCJA541svILes/+/1GM3VaL/abZi7cpFzOpdR9UPKg==",
      "bin": {
        "prettier": "bin-prettier.js"
      },
      "engines": {
        "node": ">=10.13.0"
      },
      "funding": {
        "url": "https://github.com/prettier/prettier?sponsor=1"
      }
    },
    "node_modules/react": {
      "version": "18.2.0",
      "resolved": "https://registry.npmjs.org/react/-/react-18.2.0.tgz",
      "integrity": "sha512-/3IjMdb2L9QbBdWiW5e3P2/npwMBaU9mHCSCUzNln0ZCYbcfTsGbTJrU/kGemdH2IWmB2ioZ+zkxtmq6g09fGQ==",
      "dependencies": {
        "loose-envify": "^1.1.0"
      },
      "engines": {
        "node": ">=0.10.0"
      }
    },
    "node_modules/react-dom": {
      "version": "18.2.0",
      "resolved": "https://registry.npmjs.org/react-dom/-/react-dom-18.2.0.tgz",
      "integrity": "sha512-6IMTriUmvsjHUjNtEDudZfuDQUoWXVxKHhlEGSk81n4YFS+r/Kl99wXiwlVXtPBtJenozv2P+hxDsw9eA7Xo6g==",
      "dependencies": {
        "loose-envify": "^1.1.0",
        "scheduler": "^0.23.0"
      },
      "peerDependencies": {
        "react": "^18.2.0"
      }
    },
    "node_modules/scheduler": {
      "version": "0.23.0",
      "resolved": "https://registry.npmjs.org/scheduler/-/scheduler-0.23.0.tgz",
      "integrity": "sha512-CtuThmgHNg7zIZWAXi3AsyIzA3n4xx7aNyjwC2VJldO2LMVDhFK+63xGqq6CsJH4rTAt6/M+N4GhZiDYPx9eUw==",
      "dependencies": {
        "loose-envify": "^1.1.0"
      }
    },
    "node_modules/swr": {
      "version": "2.0.0",
      "resolved": "https://registry.npmjs.org/swr/-/swr-2.0.0.tgz",
      "integrity": "sha512-IhUx5yPkX+Fut3h0SqZycnaNLXLXsb2ECFq0Y29cxnK7d8r7auY2JWNbCW3IX+EqXUg3rwNJFlhrw5Ye/b6k7w==",
      "dependencies": {
        "use-sync-external-store": "^1.2.0"
      },
      "engines": {
        "pnpm": "7"
      },
      "peerDependencies": {
        "react": "^16.11.0 || ^17.0.0 || ^18.0.0"
      }
    },
    "node_modules/use-sync-external-store": {
      "version": "1.2.0",
      "resolved": "https://registry.npmjs.org/use-sync-external-store/-/use-sync-external-store-1.2.0.tgz",
      "integrity": "sha512-eEgnFxGQ1Ife9bzYs6VLi8/4X6CObHMw9Qr9tPY43iKwsPw8xE8+EFsf/2cFZ5S3esXgpWgtSCtLNS41F+sKPA==",
      "peerDependencies": {
        "react": "^16.8.0 || ^17.0.0 || ^18.0.0"
      }
    }
  },
  "dependencies": {
    "@esbuild/android-arm": {
      "version": "0.16.10",
      "resolved": "https://registry.npmjs.org/@esbuild/android-arm/-/android-arm-0.16.10.tgz",
      "integrity": "sha512-RmJjQTRrO6VwUWDrzTBLmV4OJZTarYsiepLGlF2rYTVB701hSorPywPGvP6d8HCuuRibyXa5JX4s3jN2kHEtjQ==",
      "optional": true
    },
    "@esbuild/android-arm64": {
      "version": "0.16.10",
      "resolved": "https://registry.npmjs.org/@esbuild/android-arm64/-/android-arm64-0.16.10.tgz",
      "integrity": "sha512-47Y+NwVKTldTlDhSgJHZ/RpvBQMUDG7eKihqaF/u6g7s0ZPz4J1vy8A3rwnnUOF2CuDn7w7Gj/QcMoWz3U3SJw==",
      "optional": true
    },
    "@esbuild/android-x64": {
      "version": "0.16.10",
      "resolved": "https://registry.npmjs.org/@esbuild/android-x64/-/android-x64-0.16.10.tgz",
      "integrity": "sha512-C4PfnrBMcuAcOurQzpF1tTtZz94IXO5JmICJJ3NFJRHbXXsQUg9RFG45KvydKqtFfBaFLCHpduUkUfXwIvGnRg==",
      "optional": true
    },
    "@esbuild/darwin-arm64": {
      "version": "0.16.10",
      "resolved": "https://registry.npmjs.org/@esbuild/darwin-arm64/-/darwin-arm64-0.16.10.tgz",
      "integrity": "sha512-bH/bpFwldyOKdi9HSLCLhhKeVgRYr9KblchwXgY2NeUHBB/BzTUHtUSBgGBmpydB1/4E37m+ggXXfSrnD7/E7g==",
      "optional": true
    },
    "@esbuild/darwin-x64": {
      "version": "0.16.10",
      "resolved": "https://registry.npmjs.org/@esbuild/darwin-x64/-/darwin-x64-0.16.10.tgz",
      "integrity": "sha512-OXt7ijoLuy+AjDSKQWu+KdDFMBbdeaL6wtgMKtDUXKWHiAMKHan5+R1QAG6HD4+K0nnOvEJXKHeA9QhXNAjOTQ==",
      "optional": true
    },
    "@esbuild/freebsd-arm64": {
      "version": "0.16.10",
      "resolved": "https://registry.npmjs.org/@esbuild/freebsd-arm64/-/freebsd-arm64-0.16.10.tgz",
      "integrity": "sha512-shSQX/3GHuspE3Uxtq5kcFG/zqC+VuMnJkqV7LczO41cIe6CQaXHD3QdMLA4ziRq/m0vZo7JdterlgbmgNIAlQ==",
      "optional": true
    },
    "@esbuild/freebsd-x64": {
      "version": "0.16.10",
      "resolved": "https://registry.npmjs.org/@esbuild/freebsd-x64/-/freebsd-x64-0.16.10.tgz",
      "integrity": "sha512-5YVc1zdeaJGASijZmTzSO4h6uKzsQGG3pkjI6fuXvolhm3hVRhZwnHJkforaZLmzvNv5Tb7a3QL2FAVmrgySIA==",
      "optional": true
    },
    "@esbuild/linux-arm": {
      "version": "0.16.10",
      "resolved": "https://registry.npmjs.org/@esbuild/linux-arm/-/linux-arm-0.16.10.tgz",
      "integrity": "sha512-c360287ZWI2miBnvIj23bPyVctgzeMT2kQKR+x94pVqIN44h3GF8VMEs1SFPH1UgyDr3yBbx3vowDS1SVhyVhA==",
      "optional": true
    },
    "@esbuild/linux-arm64": {
      "version": "0.16.10",
      "resolved": "https://registry.npmjs.org/@esbuild/linux-arm64/-/linux-arm64-0.16.10.tgz",
      "integrity": "sha512-2aqeNVxIaRfPcIaMZIFoblLh588sWyCbmj1HHCCs9WmeNWm+EIN0SmvsmPvTa/TsNZFKnxTcvkX2eszTcCqIrA==",
      "optional": true
    },
    "@esbuild/linux-ia32": {
      "version": "0.16.10",
      "resolved": "https://registry.npmjs.org/@esbuild/linux-ia32/-/linux-ia32-0.16.10.tgz",
      "integrity": "sha512-sqMIEWeyrLGU7J5RB5fTkLRIFwsgsQ7ieWXlDLEmC2HblPYGb3AucD7inw2OrKFpRPKsec1l+lssiM3+NV5aOw==",
      "optional": true
    },
    "@esbuild/linux-loong64": {
      "version": "0.16.10",
      "resolved": "https://registry.npmjs.org/@esbuild/linux-loong64/-/linux-loong64-0.16.10.tgz",
      "integrity": "sha512-O7Pd5hLEtTg37NC73pfhUOGTjx/+aXu5YoSq3ahCxcN7Bcr2F47mv+kG5t840thnsEzrv0oB70+LJu3gUgchvg==",
      "optional": true
    },
    "@esbuild/linux-mips64el": {
      "version": "0.16.10",
      "resolved": "https://registry.npmjs.org/@esbuild/linux-mips64el/-/linux-mips64el-0.16.10.tgz",
      "integrity": "sha512-FN8mZOH7531iPHM0kaFhAOqqNHoAb6r/YHW2ZIxNi0a85UBi2DO4Vuyn7t1p4UN8a4LoAnLOT1PqNgHkgBJgbA==",
      "optional": true
    },
    "@esbuild/linux-ppc64": {
      "version": "0.16.10",
      "resolved": "https://registry.npmjs.org/@esbuild/linux-ppc64/-/linux-ppc64-0.16.10.tgz",
      "integrity": "sha512-Dg9RiqdvHOAWnOKIOTsIx8dFX9EDlY2IbPEY7YFzchrCiTZmMkD7jWA9UdZbNUygPjdmQBVPRCrLydReFlX9yg==",
      "optional": true
    },
    "@esbuild/linux-riscv64": {
      "version": "0.16.10",
      "resolved": "https://registry.npmjs.org/@esbuild/linux-riscv64/-/linux-riscv64-0.16.10.tgz",
      "integrity": "sha512-XMqtpjwzbmlar0BJIxmzu/RZ7EWlfVfH68Vadrva0Wj5UKOdKvqskuev2jY2oPV3aoQUyXwnMbMrFmloO2GfAw==",
      "optional": true
    },
    "@esbuild/linux-s390x": {
      "version": "0.16.10",
      "resolved": "https://registry.npmjs.org/@esbuild/linux-s390x/-/linux-s390x-0.16.10.tgz",
      "integrity": "sha512-fu7XtnoeRNFMx8DjK3gPWpFBDM2u5ba+FYwg27SjMJwKvJr4bDyKz5c+FLXLUSSAkMAt/UL+cUbEbra+rYtUgw==",
      "optional": true
    },
    "@esbuild/linux-x64": {
      "version": "0.16.10",
      "resolved": "https://registry.npmjs.org/@esbuild/linux-x64/-/linux-x64-0.16.10.tgz",
      "integrity": "sha512-61lcjVC/RldNNMUzQQdyCWjCxp9YLEQgIxErxU9XluX7juBdGKb0pvddS0vPNuCvotRbzijZ1pzII+26haWzbA==",
      "optional": true
    },
    "@esbuild/netbsd-x64": {
      "version": "0.16.10",
      "resolved": "https://registry.npmjs.org/@esbuild/netbsd-x64/-/netbsd-x64-0.16.10.tgz",
      "integrity": "sha512-JeZXCX3viSA9j4HqSoygjssdqYdfHd6yCFWyfSekLbz4Ef+D2EjvsN02ZQPwYl5a5gg/ehdHgegHhlfOFP0HCA==",
      "optional": true
    },
    "@esbuild/openbsd-x64": {
      "version": "0.16.10",
      "resolved": "https://registry.npmjs.org/@esbuild/openbsd-x64/-/openbsd-x64-0.16.10.tgz",
      "integrity": "sha512-3qpxQKuEVIIg8SebpXsp82OBrqjPV/OwNWmG+TnZDr3VGyChNnGMHccC1xkbxCHDQNnnXjxhMQNyHmdFJbmbRA==",
      "optional": true
    },
    "@esbuild/sunos-x64": {
      "version": "0.16.10",
      "resolved": "https://registry.npmjs.org/@esbuild/sunos-x64/-/sunos-x64-0.16.10.tgz",
      "integrity": "sha512-z+q0xZ+et/7etz7WoMyXTHZ1rB8PMSNp/FOqURLJLOPb3GWJ2aj4oCqFCjPwEbW1rsT7JPpxeH/DwGAWk/I1Bg==",
      "optional": true
    },
    "@esbuild/win32-arm64": {
      "version": "0.16.10",
      "resolved": "https://registry.npmjs.org/@esbuild/win32-arm64/-/win32-arm64-0.16.10.tgz",
      "integrity": "sha512-+YYu5sbQ9npkNT9Dec+tn1F/kjg6SMgr6bfi/6FpXYZvCRfu2YFPZGb+3x8K30s8eRxFpoG4sGhiSUkr1xbHEw==",
      "optional": true
    },
    "@esbuild/win32-ia32": {
      "version": "0.16.10",
      "resolved": "https://registry.npmjs.org/@esbuild/win32-ia32/-/win32-ia32-0.16.10.tgz",
      "integrity": "sha512-Aw7Fupk7XNehR1ftHGYwUteyJ2q+em/aE+fVU3YMTBN2V5A7Z4aVCSV+SvCp9HIIHZavPFBpbdP3VfjQpdf6Xg==",
      "optional": true
    },
    "@esbuild/win32-x64": {
      "version": "0.16.10",
      "resolved": "https://registry.npmjs.org/@esbuild/win32-x64/-/win32-x64-0.16.10.tgz",
      "integrity": "sha512-qddWullt3sC1EIpfHvCRBq3H4g3L86DZpD6n8k2XFjFVyp01D++uNbN1hT/JRsHxTbyyemZcpwL5aRlJwc/zFw==",
      "optional": true
    },
    "@tsconfig/strictest": {
      "version": "1.0.2",
      "resolved": "https://registry.npmjs.org/@tsconfig/strictest/-/strictest-1.0.2.tgz",
      "integrity": "sha512-IRKlC8cnP7zMz1SDBjyIVyPapkEGWLZ6wkF6Z8T+xU80P9sO5uGXlIUvtzjx+7ehPJRWxkB6CeIDwUfyqNtYkQ==",
      "dev": true
    },
    "@types/lodash": {
      "version": "4.14.191",
      "resolved": "https://registry.npmjs.org/@types/lodash/-/lodash-4.14.191.tgz",
      "integrity": "sha512-BdZ5BCCvho3EIXw6wUCXHe7rS53AIDPLE+JzwgT+OsJk53oBfbSmZZ7CX4VaRoN78N+TJpFi9QPlfIVNmJYWxQ==",
      "dev": true
    },
    "@types/prop-types": {
      "version": "15.7.5",
      "resolved": "https://registry.npmjs.org/@types/prop-types/-/prop-types-15.7.5.tgz",
      "integrity": "sha512-JCB8C6SnDoQf0cNycqd/35A7MjcnK+ZTqE7judS6o7utxUCg6imJg3QK2qzHKszlTjcj2cn+NwMB2i96ubpj7w=="
    },
    "@types/react": {
      "version": "18.0.26",
      "resolved": "https://registry.npmjs.org/@types/react/-/react-18.0.26.tgz",
      "integrity": "sha512-hCR3PJQsAIXyxhTNSiDFY//LhnMZWpNNr5etoCqx/iUfGc5gXWtQR2Phl908jVR6uPXacojQWTg4qRpkxTuGug==",
      "requires": {
        "@types/prop-types": "*",
        "@types/scheduler": "*",
        "csstype": "^3.0.2"
      }
    },
    "@types/react-dom": {
      "version": "18.0.10",
      "resolved": "https://registry.npmjs.org/@types/react-dom/-/react-dom-18.0.10.tgz",
      "integrity": "sha512-E42GW/JA4Qv15wQdqJq8DL4JhNpB3prJgjgapN3qJT9K2zO5IIAQh4VXvCEDupoqAwnz0cY4RlXeC/ajX5SFHg==",
      "requires": {
        "@types/react": "*"
      }
    },
    "@types/scheduler": {
      "version": "0.16.2",
      "resolved": "https://registry.npmjs.org/@types/scheduler/-/scheduler-0.16.2.tgz",
      "integrity": "sha512-hppQEBDmlwhFAXKJX2KnWLYu5yMfi91yazPb2l+lbJiwW+wdo1gNeRA+3RgNSO39WYX2euey41KEwnqesU2Jew=="
    },
    "base64-js": {
      "version": "1.5.1",
      "resolved": "https://registry.npmjs.org/base64-js/-/base64-js-1.5.1.tgz",
      "integrity": "sha512-AKpaYlHn8t4SVbOHCy+b5+KKgvR4vrsD8vbvrbiQJps7fKDTkjkDry6ji0rUJjC0kzbNePLwzxq8iypo41qeWA=="
    },
    "buffer": {
      "version": "6.0.3",
      "resolved": "https://registry.npmjs.org/buffer/-/buffer-6.0.3.tgz",
      "integrity": "sha512-FTiCpNxtwiZZHEZbcbTIcZjERVICn9yq/pDFkTl95/AxzD1naBctN7YO68riM/gLSDY7sdrMby8hofADYuuqOA==",
      "requires": {
        "base64-js": "^1.3.1",
        "ieee754": "^1.2.1"
      }
    },
    "csstype": {
      "version": "3.1.1",
      "resolved": "https://registry.npmjs.org/csstype/-/csstype-3.1.1.tgz",
      "integrity": "sha512-DJR/VvkAvSZW9bTouZue2sSxDwdTN92uHjqeKVm+0dAqdfNykRzQ95tay8aXMBAAPpUiq4Qcug2L7neoRh2Egw=="
    },
    "esbuild": {
      "version": "0.16.10",
      "resolved": "https://registry.npmjs.org/esbuild/-/esbuild-0.16.10.tgz",
      "integrity": "sha512-z5dIViHoVnw2l+NCJ3zj5behdXjYvXne9gL18OOivCadXDUhyDkeSvEtLcGVAJW2fNmh33TDUpsi704XYlDodw==",
      "requires": {
        "@esbuild/android-arm": "0.16.10",
        "@esbuild/android-arm64": "0.16.10",
        "@esbuild/android-x64": "0.16.10",
        "@esbuild/darwin-arm64": "0.16.10",
        "@esbuild/darwin-x64": "0.16.10",
        "@esbuild/freebsd-arm64": "0.16.10",
        "@esbuild/freebsd-x64": "0.16.10",
        "@esbuild/linux-arm": "0.16.10",
        "@esbuild/linux-arm64": "0.16.10",
        "@esbuild/linux-ia32": "0.16.10",
        "@esbuild/linux-loong64": "0.16.10",
        "@esbuild/linux-mips64el": "0.16.10",
        "@esbuild/linux-ppc64": "0.16.10",
        "@esbuild/linux-riscv64": "0.16.10",
        "@esbuild/linux-s390x": "0.16.10",
        "@esbuild/linux-x64": "0.16.10",
        "@esbuild/netbsd-x64": "0.16.10",
        "@esbuild/openbsd-x64": "0.16.10",
        "@esbuild/sunos-x64": "0.16.10",
        "@esbuild/win32-arm64": "0.16.10",
        "@esbuild/win32-ia32": "0.16.10",
        "@esbuild/win32-x64": "0.16.10"
      }
    },
    "ieee754": {
      "version": "1.2.1",
      "resolved": "https://registry.npmjs.org/ieee754/-/ieee754-1.2.1.tgz",
      "integrity": "sha512-dcyqhDvX1C46lXZcVqCpK+FtMRQVdIMN6/Df5js2zouUsqG7I6sFxitIC+7KYK29KdXOLHdu9zL4sFnoVQnqaA=="
    },
    "js-tokens": {
      "version": "4.0.0",
      "resolved": "https://registry.npmjs.org/js-tokens/-/js-tokens-4.0.0.tgz",
      "integrity": "sha512-RdJUflcE3cUzKiMqQgsCu06FPu9UdIJO0beYbPhHN4k6apgJtifcoCtT9bcxOpYBtpD2kCM6Sbzg4CausW/PKQ=="
    },
    "lodash": {
      "version": "4.17.21",
      "resolved": "https://registry.npmjs.org/lodash/-/lodash-4.17.21.tgz",
      "integrity": "sha512-v2kDEe57lecTulaDIuNTPy3Ry4gLGJ6Z1O3vE1krgXZNrsQ+LFTGHVxVjcXPs17LhbZVGedAJv8XZ1tvj5FvSg=="
    },
    "loose-envify": {
      "version": "1.4.0",
      "resolved": "https://registry.npmjs.org/loose-envify/-/loose-envify-1.4.0.tgz",
      "integrity": "sha512-lyuxPGr/Wfhrlem2CL/UcnUc1zcqKAImBDzukY7Y5F/yQiNdko6+fRLevlw1HgMySw7f611UIY408EtxRSoK3Q==",
      "requires": {
        "js-tokens": "^3.0.0 || ^4.0.0"
      }
    },
    "prettier": {
      "version": "2.8.1",
      "resolved": "https://registry.npmjs.org/prettier/-/prettier-2.8.1.tgz",
      "integrity": "sha512-lqGoSJBQNJidqCHE80vqZJHWHRFoNYsSpP9AjFhlhi9ODCJA541svILes/+/1GM3VaL/abZi7cpFzOpdR9UPKg=="
    },
    "react": {
      "version": "18.2.0",
      "resolved": "https://registry.npmjs.org/react/-/react-18.2.0.tgz",
      "integrity": "sha512-/3IjMdb2L9QbBdWiW5e3P2/npwMBaU9mHCSCUzNln0ZCYbcfTsGbTJrU/kGemdH2IWmB2ioZ+zkxtmq6g09fGQ==",
      "requires": {
        "loose-envify": "^1.1.0"
      }
    },
    "react-dom": {
      "version": "18.2.0",
      "resolved": "https://registry.npmjs.org/react-dom/-/react-dom-18.2.0.tgz",
      "integrity": "sha512-6IMTriUmvsjHUjNtEDudZfuDQUoWXVxKHhlEGSk81n4YFS+r/Kl99wXiwlVXtPBtJenozv2P+hxDsw9eA7Xo6g==",
      "requires": {
        "loose-envify": "^1.1.0",
        "scheduler": "^0.23.0"
      }
    },
    "scheduler": {
      "version": "0.23.0",
      "resolved": "https://registry.npmjs.org/scheduler/-/scheduler-0.23.0.tgz",
      "integrity": "sha512-CtuThmgHNg7zIZWAXi3AsyIzA3n4xx7aNyjwC2VJldO2LMVDhFK+63xGqq6CsJH4rTAt6/M+N4GhZiDYPx9eUw==",
      "requires": {
        "loose-envify": "^1.1.0"
      }
    },
    "swr": {
      "version": "2.0.0",
      "resolved": "https://registry.npmjs.org/swr/-/swr-2.0.0.tgz",
      "integrity": "sha512-IhUx5yPkX+Fut3h0SqZycnaNLXLXsb2ECFq0Y29cxnK7d8r7auY2JWNbCW3IX+EqXUg3rwNJFlhrw5Ye/b6k7w==",
      "requires": {
        "use-sync-external-store": "^1.2.0"
      }
    },
    "use-sync-external-store": {
      "version": "1.2.0",
      "resolved": "https://registry.npmjs.org/use-sync-external-store/-/use-sync-external-store-1.2.0.tgz",
      "integrity": "sha512-eEgnFxGQ1Ife9bzYs6VLi8/4X6CObHMw9Qr9tPY43iKwsPw8xE8+EFsf/2cFZ5S3esXgpWgtSCtLNS41F+sKPA==",
      "requires": {}
    }
  }
}
